
Microsoft Visual Studio Solution File, Format Version 12.00
# Visual Studio Version 17
VisualStudioVersion = 17.5.002.0
MinimumVisualStudioVersion = 10.0.40219.1
Project("{9A19103F-16F7-4668-BE54-9A1E7A4F7556}") = "apifun", "apifun.csproj", "{ECE3EE92-7BF9-4280-A85C-8D419CF502E2}"
EndProject
Global
	GlobalSection(SolutionConfigurationPlatforms) = preSolution
		Debug|Any CPU = Debug|Any CPU
		Release|Any CPU = Release|Any CPU
	EndGlobalSection
	GlobalSection(ProjectConfigurationPlatforms) = postSolution
		{ECE3EE92-7BF9-4280-A85C-8D419CF502E2}.Debug|Any CPU.ActiveCfg = Debug|Any CPU
		{ECE3EE92-7BF9-4280-A85C-8D419CF502E2}.Debug|Any CPU.Build.0 = Debug|Any CPU
		{ECE3EE92-7BF9-4280-A85C-8D419CF502E2}.Release|Any CPU.ActiveCfg = Release|Any CPU
		{ECE3EE92-7BF9-4280-A85C-8D419CF502E2}.Release|Any CPU.Build.0 = Release|Any CPU
	EndGlobalSection
	GlobalSection(SolutionProperties) = preSolution
		HideSolutionNode = FALSE
	EndGlobalSection
	GlobalSection(ExtensibilityGlobals) = postSolution
		SolutionGuid = {054DB468-6104-49EA-A5D3-8B7C8C173B7B}
	EndGlobalSection
EndGlobal
